
Microsoft Visual Studio Solution File, Format Version 12.00
# Visual Studio Version 17
VisualStudioVersion = 17.13.35818.85
MinimumVisualStudioVersion = 10.0.40219.1
Project("{FAE04EC0-301F-11D3-BF4B-00C04F79EFBC}") = "LinqCorpusTextAnalyzer", "LinqCorpusTextAnalyzer.csproj", "{C30E492D-EAE5-FC07-E38F-83A4B2E8F233}"
EndProject
Global
	GlobalSection(SolutionConfigurationPlatforms) = preSolution
		Debug|Any CPU = Debug|Any CPU
		Release|Any CPU = Release|Any CPU
	EndGlobalSection
	GlobalSection(ProjectConfigurationPlatforms) = postSolution
		{C30E492D-EAE5-FC07-E38F-83A4B2E8F233}.Debug|Any CPU.ActiveCfg = Debug|Any CPU
		{C30E492D-EAE5-FC07-E38F-83A4B2E8F233}.Debug|Any CPU.Build.0 = Debug|Any CPU
		{C30E492D-EAE5-FC07-E38F-83A4B2E8F233}.Release|Any CPU.ActiveCfg = Release|Any CPU
		{C30E492D-EAE5-FC07-E38F-83A4B2E8F233}.Release|Any CPU.Build.0 = Release|Any CPU
	EndGlobalSection
	GlobalSection(SolutionProperties) = preSolution
		HideSolutionNode = FALSE
	EndGlobalSection
	GlobalSection(ExtensibilityGlobals) = postSolution
		SolutionGuid = {2534DA0C-9069-4BDB-8FDC-A9D7226C08D9}
	EndGlobalSection
EndGlobal
