
Microsoft Visual Studio Solution File, Format Version 12.00
# Visual Studio Version 17
VisualStudioVersion = 17.13.35818.85
MinimumVisualStudioVersion = 10.0.40219.1
Project("{FAE04EC0-301F-11D3-BF4B-00C04F79EFBC}") = "LinqCorpusAnalyzer", "LinqCorpusAnalyzer.csproj", "{99DDEE6F-80CC-4A23-A976-4DF2F5E2DACE}"
EndProject
Global
	GlobalSection(SolutionConfigurationPlatforms) = preSolution
		Debug|Any CPU = Debug|Any CPU
		Release|Any CPU = Release|Any CPU
	EndGlobalSection
	GlobalSection(ProjectConfigurationPlatforms) = postSolution
		{99DDEE6F-80CC-4A23-A976-4DF2F5E2DACE}.Debug|Any CPU.ActiveCfg = Debug|Any CPU
		{99DDEE6F-80CC-4A23-A976-4DF2F5E2DACE}.Debug|Any CPU.Build.0 = Debug|Any CPU
		{99DDEE6F-80CC-4A23-A976-4DF2F5E2DACE}.Release|Any CPU.ActiveCfg = Release|Any CPU
		{99DDEE6F-80CC-4A23-A976-4DF2F5E2DACE}.Release|Any CPU.Build.0 = Release|Any CPU
	EndGlobalSection
	GlobalSection(SolutionProperties) = preSolution
		HideSolutionNode = FALSE
	EndGlobalSection
	GlobalSection(ExtensibilityGlobals) = postSolution
		SolutionGuid = {C1528B62-9D77-4A0E-BED1-39FDE6C05FA6}
	EndGlobalSection
EndGlobal
